
Microsoft Visual Studio Solution File, Format Version 12.00
# Visual Studio Version 17
VisualStudioVersion = 17.3.32901.215
MinimumVisualStudioVersion = 10.0.40219.1
Project("{FAE04EC0-301F-11D3-BF4B-00C04F79EFBC}") = "MVCWithEFCF1", "MVCWithEFCF1\MVCWithEFCF1.csproj", "{1F83FC9A-26C4-4189-BF69-CC40AC1EA396}"
EndProject
Global
	GlobalSection(SolutionConfigurationPlatforms) = preSolution
		Debug|Any CPU = Debug|Any CPU
		Release|Any CPU = Release|Any CPU
	EndGlobalSection
	GlobalSection(ProjectConfigurationPlatforms) = postSolution
		{1F83FC9A-26C4-4189-BF69-CC40AC1EA396}.Debug|Any CPU.ActiveCfg = Debug|Any CPU
		{1F83FC9A-26C4-4189-BF69-CC40AC1EA396}.Debug|Any CPU.Build.0 = Debug|Any CPU
		{1F83FC9A-26C4-4189-BF69-CC40AC1EA396}.Release|Any CPU.ActiveCfg = Release|Any CPU
		{1F83FC9A-26C4-4189-BF69-CC40AC1EA396}.Release|Any CPU.Build.0 = Release|Any CPU
	EndGlobalSection
	GlobalSection(SolutionProperties) = preSolution
		HideSolutionNode = FALSE
	EndGlobalSection
	GlobalSection(ExtensibilityGlobals) = postSolution
		SolutionGuid = {7B3730D7-3F9A-4B28-9375-C6613A0D0CEA}
	EndGlobalSection
EndGlobal
